// !$*UTF8*$!
{
	archiveVersion = 1;
	classes = {
	};
	objectVersion = 50;
	objects = {

/* Begin PBXBuildFile section */
		27A9DEA9263C01F6005480AA /* UserDefaults+Extensions.swift in Sources */ = {isa = PBXBuildFile; fileRef = 27D75751263BF8CD00698900 /* UserDefaults+Extensions.swift */; };
		27A9DEAD263C0B0D005480AA /* SetDateView.swift in Sources */ = {isa = PBXBuildFile; fileRef = 27A9DEAC263C0B0D005480AA /* SetDateView.swift */; };
		27A9DEAF263CECEB005480AA /* Date+Extensions.swift in Sources */ = {isa = PBXBuildFile; fileRef = 27A9DEAE263CECEB005480AA /* Date+Extensions.swift */; };
		27A9DEB0263CED38005480AA /* Date+Extensions.swift in Sources */ = {isa = PBXBuildFile; fileRef = 27A9DEAE263CECEB005480AA /* Date+Extensions.swift */; };
		27A9DEB2263CF480005480AA /* DateDetailView.swift in Sources */ = {isa = PBXBuildFile; fileRef = 27A9DEB1263CF480005480AA /* DateDetailView.swift */; };
		27A9DEB3263CF4C7005480AA /* DateDetailView.swift in Sources */ = {isa = PBXBuildFile; fileRef = 27A9DEB1263CF480005480AA /* DateDetailView.swift */; };
		27A9DEB5263CF858005480AA /* CountdownProgressView.swift in Sources */ = {isa = PBXBuildFile; fileRef = 27A9DEB4263CF858005480AA /* CountdownProgressView.swift */; };
		27A9DEB6263CF858005480AA /* CountdownProgressView.swift in Sources */ = {isa = PBXBuildFile; fileRef = 27A9DEB4263CF858005480AA /* CountdownProgressView.swift */; };
		27B7E225263D421600E3CE71 /* LeftDaysView.swift in Sources */ = {isa = PBXBuildFile; fileRef = 27B7E224263D421600E3CE71 /* LeftDaysView.swift */; };
		27B7E226263D421600E3CE71 /* LeftDaysView.swift in Sources */ = {isa = PBXBuildFile; fileRef = 27B7E224263D421600E3CE71 /* LeftDaysView.swift */; };
		27B7E227263D453900E3CE71 /* ElapsedView.swift in Sources */ = {isa = PBXBuildFile; fileRef = 27D57D02263D3C4200C92460 /* ElapsedView.swift */; };
		27B7E228263D66A400E3CE71 /* ContentView.swift in Sources */ = {isa = PBXBuildFile; fileRef = 27BD808D263AF903009A8DA9 /* ContentView.swift */; };
		27B7E229263D66B800E3CE71 /* SetDateView.swift in Sources */ = {isa = PBXBuildFile; fileRef = 27A9DEAC263C0B0D005480AA /* SetDateView.swift */; };
		27B7E22C263D677900E3CE71 /* WidgetProgressView.swift in Sources */ = {isa = PBXBuildFile; fileRef = 27B7E22A263D677900E3CE71 /* WidgetProgressView.swift */; };
		27B7E233263E577100E3CE71 /* WCircleProgressView.swift in Sources */ = {isa = PBXBuildFile; fileRef = 27B7E232263E577100E3CE71 /* WCircleProgressView.swift */; };
		27B7E235263E5D8A00E3CE71 /* WElapsedView.swift in Sources */ = {isa = PBXBuildFile; fileRef = 27B7E234263E5D8A00E3CE71 /* WElapsedView.swift */; };
		27B7E237263E631000E3CE71 /* WLeftDaysView.swift in Sources */ = {isa = PBXBuildFile; fileRef = 27B7E236263E631000E3CE71 /* WLeftDaysView.swift */; };
		27BD808C263AF903009A8DA9 /* CountdownApp.swift in Sources */ = {isa = PBXBuildFile; fileRef = 27BD808B263AF903009A8DA9 /* CountdownApp.swift */; };
		27BD808E263AF903009A8DA9 /* ContentView.swift in Sources */ = {isa = PBXBuildFile; fileRef = 27BD808D263AF903009A8DA9 /* ContentView.swift */; };
		27BD8090263AF905009A8DA9 /* Assets.xcassets in Resources */ = {isa = PBXBuildFile; fileRef = 27BD808F263AF905009A8DA9 /* Assets.xcassets */; };
		27BD8093263AF905009A8DA9 /* Preview Assets.xcassets in Resources */ = {isa = PBXBuildFile; fileRef = 27BD8092263AF905009A8DA9 /* Preview Assets.xcassets */; };
		27BD80A2263B05EE009A8DA9 /* WidgetKit.framework in Frameworks */ = {isa = PBXBuildFile; fileRef = 27BD80A1263B05EE009A8DA9 /* WidgetKit.framework */; };
		27BD80A4263B05EE009A8DA9 /* SwiftUI.framework in Frameworks */ = {isa = PBXBuildFile; fileRef = 27BD80A3263B05EE009A8DA9 /* SwiftUI.framework */; };
		27BD80A7263B05EE009A8DA9 /* CountdownWidget.swift in Sources */ = {isa = PBXBuildFile; fileRef = 27BD80A6263B05EE009A8DA9 /* CountdownWidget.swift */; };
		27BD80A9263B05F1009A8DA9 /* Assets.xcassets in Resources */ = {isa = PBXBuildFile; fileRef = 27BD80A8263B05F1009A8DA9 /* Assets.xcassets */; };
		27BD80AD263B05F1009A8DA9 /* CountdownWidgetExtension.appex in Embed App Extensions */ = {isa = PBXBuildFile; fileRef = 27BD809F263B05ED009A8DA9 /* CountdownWidgetExtension.appex */; settings = {ATTRIBUTES = (RemoveHeadersOnCopy, ); }; };
		27C901DC263B701A00BB8BAA /* Assets.xcassets in Resources */ = {isa = PBXBuildFile; fileRef = 27BD808F263AF905009A8DA9 /* Assets.xcassets */; };
		27C901DD263B709900BB8BAA /* Assets.xcassets in Resources */ = {isa = PBXBuildFile; fileRef = 27BD80A8263B05F1009A8DA9 /* Assets.xcassets */; };
		27C901E1263B72D000BB8BAA /* CountdownViewModel.swift in Sources */ = {isa = PBXBuildFile; fileRef = 27C901E0263B72D000BB8BAA /* CountdownViewModel.swift */; };
		27D57D00263D39DB00C92460 /* CircleProgressView.swift in Sources */ = {isa = PBXBuildFile; fileRef = 27D57CFF263D39DB00C92460 /* CircleProgressView.swift */; };
		27D57D01263D3C1A00C92460 /* CircleProgressView.swift in Sources */ = {isa = PBXBuildFile; fileRef = 27D57CFF263D39DB00C92460 /* CircleProgressView.swift */; };
		27D57D03263D3C4200C92460 /* ElapsedView.swift in Sources */ = {isa = PBXBuildFile; fileRef = 27D57D02263D3C4200C92460 /* ElapsedView.swift */; };
		27D7574F263BF76D00698900 /* CountdownViewModel.swift in Sources */ = {isa = PBXBuildFile; fileRef = 27C901E0263B72D000BB8BAA /* CountdownViewModel.swift */; };
		27D75752263BF8CD00698900 /* UserDefaults+Extensions.swift in Sources */ = {isa = PBXBuildFile; fileRef = 27D75751263BF8CD00698900 /* UserDefaults+Extensions.swift */; };
/* End PBXBuildFile section */

/* Begin PBXContainerItemProxy section */
		27BD80AB263B05F1009A8DA9 /* PBXContainerItemProxy */ = {
			isa = PBXContainerItemProxy;
			containerPortal = 27BD8080263AF903009A8DA9 /* Project object */;
			proxyType = 1;
			remoteGlobalIDString = 27BD809E263B05ED009A8DA9;
			remoteInfo = CountdownWidgetExtension;
		};
/* End PBXContainerItemProxy section */

/* Begin PBXCopyFilesBuildPhase section */
		27BD80B1263B05F1009A8DA9 /* Embed App Extensions */ = {
			isa = PBXCopyFilesBuildPhase;
			buildActionMask = 2147483647;
			dstPath = "";
			dstSubfolderSpec = 13;
			files = (
				27BD80AD263B05F1009A8DA9 /* CountdownWidgetExtension.appex in Embed App Extensions */,
			);
			name = "Embed App Extensions";
			runOnlyForDeploymentPostprocessing = 0;
		};
/* End PBXCopyFilesBuildPhase section */

/* Begin PBXFileReference section */
		27A9DEAC263C0B0D005480AA /* SetDateView.swift */ = {isa = PBXFileReference; lastKnownFileType = sourcecode.swift; path = SetDateView.swift; sourceTree = "<group>"; };
		27A9DEAE263CECEB005480AA /* Date+Extensions.swift */ = {isa = PBXFileReference; lastKnownFileType = sourcecode.swift; path = "Date+Extensions.swift"; sourceTree = "<group>"; };
		27A9DEB1263CF480005480AA /* DateDetailView.swift */ = {isa = PBXFileReference; lastKnownFileType = sourcecode.swift; path = DateDetailView.swift; sourceTree = "<group>"; };
		27A9DEB4263CF858005480AA /* CountdownProgressView.swift */ = {isa = PBXFileReference; lastKnownFileType = sourcecode.swift; path = CountdownProgressView.swift; sourceTree = "<group>"; };
		27B6702D264427F70058B31C /* README.md */ = {isa = PBXFileReference; lastKnownFileType = net.daringfireball.markdown; path = README.md; sourceTree = "<group>"; };
		27B7E224263D421600E3CE71 /* LeftDaysView.swift */ = {isa = PBXFileReference; lastKnownFileType = sourcecode.swift; path = LeftDaysView.swift; sourceTree = "<group>"; };
		27B7E22A263D677900E3CE71 /* WidgetProgressView.swift */ = {isa = PBXFileReference; lastKnownFileType = sourcecode.swift; path = WidgetProgressView.swift; sourceTree = "<group>"; };
		27B7E22D263D6AEC00E3CE71 /* CountdownWidgetExtension.entitlements */ = {isa = PBXFileReference; lastKnownFileType = text.plist.entitlements; path = CountdownWidgetExtension.entitlements; sourceTree = "<group>"; };
		27B7E22E263E19A600E3CE71 /* Countdown.entitlements */ = {isa = PBXFileReference; lastKnownFileType = text.plist.entitlements; path = Countdown.entitlements; sourceTree = "<group>"; };
		27B7E232263E577100E3CE71 /* WCircleProgressView.swift */ = {isa = PBXFileReference; lastKnownFileType = sourcecode.swift; path = WCircleProgressView.swift; sourceTree = "<group>"; };
		27B7E234263E5D8A00E3CE71 /* WElapsedView.swift */ = {isa = PBXFileReference; lastKnownFileType = sourcecode.swift; path = WElapsedView.swift; sourceTree = "<group>"; };
		27B7E236263E631000E3CE71 /* WLeftDaysView.swift */ = {isa = PBXFileReference; lastKnownFileType = sourcecode.swift; path = WLeftDaysView.swift; sourceTree = "<group>"; };
		27BD8088263AF903009A8DA9 /* Countdown.app */ = {isa = PBXFileReference; explicitFileType = wrapper.application; includeInIndex = 0; path = Countdown.app; sourceTree = BUILT_PRODUCTS_DIR; };
		27BD808B263AF903009A8DA9 /* CountdownApp.swift */ = {isa = PBXFileReference; lastKnownFileType = sourcecode.swift; path = CountdownApp.swift; sourceTree = "<group>"; };
		27BD808D263AF903009A8DA9 /* ContentView.swift */ = {isa = PBXFileReference; lastKnownFileType = sourcecode.swift; path = ContentView.swift; sourceTree = "<group>"; };
		27BD808F263AF905009A8DA9 /* Assets.xcassets */ = {isa = PBXFileReference; lastKnownFileType = folder.assetcatalog; path = Assets.xcassets; sourceTree = "<group>"; };
		27BD8092263AF905009A8DA9 /* Preview Assets.xcassets */ = {isa = PBXFileReference; lastKnownFileType = folder.assetcatalog; path = "Preview Assets.xcassets"; sourceTree = "<group>"; };
		27BD8094263AF905009A8DA9 /* Info.plist */ = {isa = PBXFileReference; lastKnownFileType = text.plist.xml; path = Info.plist; sourceTree = "<group>"; };
		27BD809F263B05ED009A8DA9 /* CountdownWidgetExtension.appex */ = {isa = PBXFileReference; explicitFileType = "wrapper.app-extension"; includeInIndex = 0; path = CountdownWidgetExtension.appex; sourceTree = BUILT_PRODUCTS_DIR; };
		27BD80A1263B05EE009A8DA9 /* WidgetKit.framework */ = {isa = PBXFileReference; lastKnownFileType = wrapper.framework; name = WidgetKit.framework; path = System/Library/Frameworks/WidgetKit.framework; sourceTree = SDKROOT; };
		27BD80A3263B05EE009A8DA9 /* SwiftUI.framework */ = {isa = PBXFileReference; lastKnownFileType = wrapper.framework; name = SwiftUI.framework; path = System/Library/Frameworks/SwiftUI.framework; sourceTree = SDKROOT; };
		27BD80A6263B05EE009A8DA9 /* CountdownWidget.swift */ = {isa = PBXFileReference; lastKnownFileType = sourcecode.swift; path = CountdownWidget.swift; sourceTree = "<group>"; };
		27BD80A8263B05F1009A8DA9 /* Assets.xcassets */ = {isa = PBXFileReference; lastKnownFileType = folder.assetcatalog; path = Assets.xcassets; sourceTree = "<group>"; };
		27BD80AA263B05F1009A8DA9 /* Info.plist */ = {isa = PBXFileReference; lastKnownFileType = text.plist.xml; path = Info.plist; sourceTree = "<group>"; };
		27C901E0263B72D000BB8BAA /* CountdownViewModel.swift */ = {isa = PBXFileReference; lastKnownFileType = sourcecode.swift; path = CountdownViewModel.swift; sourceTree = "<group>"; };
		27D57CFF263D39DB00C92460 /* CircleProgressView.swift */ = {isa = PBXFileReference; lastKnownFileType = sourcecode.swift; path = CircleProgressView.swift; sourceTree = "<group>"; };
		27D57D02263D3C4200C92460 /* ElapsedView.swift */ = {isa = PBXFileReference; lastKnownFileType = sourcecode.swift; path = ElapsedView.swift; sourceTree = "<group>"; };
		27D75751263BF8CD00698900 /* UserDefaults+Extensions.swift */ = {isa = PBXFileReference; lastKnownFileType = sourcecode.swift; path = "UserDefaults+Extensions.swift"; sourceTree = "<group>"; };
/* End PBXFileReference section */

/* Begin PBXFrameworksBuildPhase section */
		27BD8085263AF903009A8DA9 /* Frameworks */ = {
			isa = PBXFrameworksBuildPhase;
			buildActionMask = 2147483647;
			files = (
			);
			runOnlyForDeploymentPostprocessing = 0;
		};
		27BD809C263B05ED009A8DA9 /* Frameworks */ = {
			isa = PBXFrameworksBuildPhase;
			buildActionMask = 2147483647;
			files = (
				27BD80A4263B05EE009A8DA9 /* SwiftUI.framework in Frameworks */,
				27BD80A2263B05EE009A8DA9 /* WidgetKit.framework in Frameworks */,
			);
			runOnlyForDeploymentPostprocessing = 0;
		};
/* End PBXFrameworksBuildPhase section */

/* Begin PBXGroup section */
		27B7E22F263E564600E3CE71 /* View */ = {
			isa = PBXGroup;
			children = (
				27B7E22A263D677900E3CE71 /* WidgetProgressView.swift */,
				27B7E236263E631000E3CE71 /* WLeftDaysView.swift */,
				27B7E232263E577100E3CE71 /* WCircleProgressView.swift */,
				27B7E234263E5D8A00E3CE71 /* WElapsedView.swift */,
			);
			path = View;
			sourceTree = "<group>";
		};
		27BD807F263AF903009A8DA9 = {
			isa = PBXGroup;
			children = (
				27B6702D264427F70058B31C /* README.md */,
				27B7E22D263D6AEC00E3CE71 /* CountdownWidgetExtension.entitlements */,
				27BD808A263AF903009A8DA9 /* Countdown */,
				27BD80A5263B05EE009A8DA9 /* CountdownWidget */,
				27BD80A0263B05EE009A8DA9 /* Frameworks */,
				27BD8089263AF903009A8DA9 /* Products */,
			);
			sourceTree = "<group>";
		};
		27BD8089263AF903009A8DA9 /* Products */ = {
			isa = PBXGroup;
			children = (
				27BD8088263AF903009A8DA9 /* Countdown.app */,
				27BD809F263B05ED009A8DA9 /* CountdownWidgetExtension.appex */,
			);
			name = Products;
			sourceTree = "<group>";
		};
		27BD808A263AF903009A8DA9 /* Countdown */ = {
			isa = PBXGroup;
			children = (
				27B7E22E263E19A600E3CE71 /* Countdown.entitlements */,
				27BD808B263AF903009A8DA9 /* CountdownApp.swift */,
				27BD808D263AF903009A8DA9 /* ContentView.swift */,
				27C901DF263B72B300BB8BAA /* ViewModel */,
				27C901DE263B729D00BB8BAA /* View */,
				27BD808F263AF905009A8DA9 /* Assets.xcassets */,
				27BD8094263AF905009A8DA9 /* Info.plist */,
				27D75750263BF8B600698900 /* Extensions */,
				27BD8091263AF905009A8DA9 /* Preview Content */,
			);
			path = Countdown;
			sourceTree = "<group>";
		};
		27BD8091263AF905009A8DA9 /* Preview Content */ = {
			isa = PBXGroup;
			children = (
				27BD8092263AF905009A8DA9 /* Preview Assets.xcassets */,
			);
			path = "Preview Content";
			sourceTree = "<group>";
		};
		27BD80A0263B05EE009A8DA9 /* Frameworks */ = {
			isa = PBXGroup;
			children = (
				27BD80A1263B05EE009A8DA9 /* WidgetKit.framework */,
				27BD80A3263B05EE009A8DA9 /* SwiftUI.framework */,
			);
			name = Frameworks;
			sourceTree = "<group>";
		};
		27BD80A5263B05EE009A8DA9 /* CountdownWidget */ = {
			isa = PBXGroup;
			children = (
				27B7E22F263E564600E3CE71 /* View */,
				27BD80A6263B05EE009A8DA9 /* CountdownWidget.swift */,
				27BD80A8263B05F1009A8DA9 /* Assets.xcassets */,
				27BD80AA263B05F1009A8DA9 /* Info.plist */,
			);
			path = CountdownWidget;
			sourceTree = "<group>";
		};
		27C901DE263B729D00BB8BAA /* View */ = {
			isa = PBXGroup;
			children = (
				27A9DEAC263C0B0D005480AA /* SetDateView.swift */,
				27A9DEB1263CF480005480AA /* DateDetailView.swift */,
				27A9DEB4263CF858005480AA /* CountdownProgressView.swift */,
				27D57D02263D3C4200C92460 /* ElapsedView.swift */,
				27B7E224263D421600E3CE71 /* LeftDaysView.swift */,
				27D57CFF263D39DB00C92460 /* CircleProgressView.swift */,
			);
			path = View;
			sourceTree = "<group>";
		};
		27C901DF263B72B300BB8BAA /* ViewModel */ = {
			isa = PBXGroup;
			children = (
				27C901E0263B72D000BB8BAA /* CountdownViewModel.swift */,
			);
			path = ViewModel;
			sourceTree = "<group>";
		};
		27D75750263BF8B600698900 /* Extensions */ = {
			isa = PBXGroup;
			children = (
				27D75751263BF8CD00698900 /* UserDefaults+Extensions.swift */,
				27A9DEAE263CECEB005480AA /* Date+Extensions.swift */,
			);
			path = Extensions;
			sourceTree = "<group>";
		};
/* End PBXGroup section */

/* Begin PBXNativeTarget section */
		27BD8087263AF903009A8DA9 /* Countdown */ = {
			isa = PBXNativeTarget;
			buildConfigurationList = 27BD8097263AF905009A8DA9 /* Build configuration list for PBXNativeTarget "Countdown" */;
			buildPhases = (
				27BD8084263AF903009A8DA9 /* Sources */,
				27BD8085263AF903009A8DA9 /* Frameworks */,
				27BD8086263AF903009A8DA9 /* Resources */,
				27BD80B1263B05F1009A8DA9 /* Embed App Extensions */,
			);
			buildRules = (
			);
			dependencies = (
				27BD80AC263B05F1009A8DA9 /* PBXTargetDependency */,
			);
			name = Countdown;
			productName = Countdown;
			productReference = 27BD8088263AF903009A8DA9 /* Countdown.app */;
			productType = "com.apple.product-type.application";
		};
		27BD809E263B05ED009A8DA9 /* CountdownWidgetExtension */ = {
			isa = PBXNativeTarget;
			buildConfigurationList = 27BD80AE263B05F1009A8DA9 /* Build configuration list for PBXNativeTarget "CountdownWidgetExtension" */;
			buildPhases = (
				27BD809B263B05ED009A8DA9 /* Sources */,
				27BD809C263B05ED009A8DA9 /* Frameworks */,
				27BD809D263B05ED009A8DA9 /* Resources */,
			);
			buildRules = (
			);
			dependencies = (
			);
			name = CountdownWidgetExtension;
			productName = CountdownWidgetExtension;
			productReference = 27BD809F263B05ED009A8DA9 /* CountdownWidgetExtension.appex */;
			productType = "com.apple.product-type.app-extension";
		};
/* End PBXNativeTarget section */

/* Begin PBXProject section */
		27BD8080263AF903009A8DA9 /* Project object */ = {
			isa = PBXProject;
			attributes = {
				LastSwiftUpdateCheck = 1240;
				LastUpgradeCheck = 1240;
				TargetAttributes = {
					27BD8087263AF903009A8DA9 = {
						CreatedOnToolsVersion = 12.4;
					};
					27BD809E263B05ED009A8DA9 = {
						CreatedOnToolsVersion = 12.4;
					};
				};
			};
			buildConfigurationList = 27BD8083263AF903009A8DA9 /* Build configuration list for PBXProject "Countdown" */;
			compatibilityVersion = "Xcode 9.3";
			developmentRegion = en;
			hasScannedForEncodings = 0;
			knownRegions = (
				en,
				Base,
			);
			mainGroup = 27BD807F263AF903009A8DA9;
			productRefGroup = 27BD8089263AF903009A8DA9 /* Products */;
			projectDirPath = "";
			projectRoot = "";
			targets = (
				27BD8087263AF903009A8DA9 /* Countdown */,
				27BD809E263B05ED009A8DA9 /* CountdownWidgetExtension */,
			);
		};
/* End PBXProject section */

/* Begin PBXResourcesBuildPhase section */
		27BD8086263AF903009A8DA9 /* Resources */ = {
			isa = PBXResourcesBuildPhase;
			buildActionMask = 2147483647;
			files = (
				27BD8093263AF905009A8DA9 /* Preview Assets.xcassets in Resources */,
				27C901DD263B709900BB8BAA /* Assets.xcassets in Resources */,
				27BD8090263AF905009A8DA9 /* Assets.xcassets in Resources */,
			);
			runOnlyForDeploymentPostprocessing = 0;
		};
		27BD809D263B05ED009A8DA9 /* Resources */ = {
			isa = PBXResourcesBuildPhase;
			buildActionMask = 2147483647;
			files = (
				27C901DC263B701A00BB8BAA /* Assets.xcassets in Resources */,
				27BD80A9263B05F1009A8DA9 /* Assets.xcassets in Resources */,
			);
			runOnlyForDeploymentPostprocessing = 0;
		};
/* End PBXResourcesBuildPhase section */

/* Begin PBXSourcesBuildPhase section */
		27BD8084263AF903009A8DA9 /* Sources */ = {
			isa = PBXSourcesBuildPhase;
			buildActionMask = 2147483647;
			files = (
				27C901E1263B72D000BB8BAA /* CountdownViewModel.swift in Sources */,
				27A9DEAD263C0B0D005480AA /* SetDateView.swift in Sources */,
				27D57D00263D39DB00C92460 /* CircleProgressView.swift in Sources */,
				27BD808E263AF903009A8DA9 /* ContentView.swift in Sources */,
				27A9DEB2263CF480005480AA /* DateDetailView.swift in Sources */,
				27D75752263BF8CD00698900 /* UserDefaults+Extensions.swift in Sources */,
				27B7E225263D421600E3CE71 /* LeftDaysView.swift in Sources */,
				27A9DEB5263CF858005480AA /* CountdownProgressView.swift in Sources */,
				27D57D03263D3C4200C92460 /* ElapsedView.swift in Sources */,
				27BD808C263AF903009A8DA9 /* CountdownApp.swift in Sources */,
				27A9DEAF263CECEB005480AA /* Date+Extensions.swift in Sources */,
			);
			runOnlyForDeploymentPostprocessing = 0;
		};
		27BD809B263B05ED009A8DA9 /* Sources */ = {
			isa = PBXSourcesBuildPhase;
			buildActionMask = 2147483647;
			files = (
				27B7E229263D66B800E3CE71 /* SetDateView.swift in Sources */,
				27D7574F263BF76D00698900 /* CountdownViewModel.swift in Sources */,
				27A9DEA9263C01F6005480AA /* UserDefaults+Extensions.swift in Sources */,
				27B7E22C263D677900E3CE71 /* WidgetProgressView.swift in Sources */,
				27A9DEB0263CED38005480AA /* Date+Extensions.swift in Sources */,
				27D57D01263D3C1A00C92460 /* CircleProgressView.swift in Sources */,
				27B7E237263E631000E3CE71 /* WLeftDaysView.swift in Sources */,
				27B7E226263D421600E3CE71 /* LeftDaysView.swift in Sources */,
				27BD80A7263B05EE009A8DA9 /* CountdownWidget.swift in Sources */,
				27B7E228263D66A400E3CE71 /* ContentView.swift in Sources */,
				27A9DEB3263CF4C7005480AA /* DateDetailView.swift in Sources */,
				27B7E233263E577100E3CE71 /* WCircleProgressView.swift in Sources */,
				27B7E227263D453900E3CE71 /* ElapsedView.swift in Sources */,
				27A9DEB6263CF858005480AA /* CountdownProgressView.swift in Sources */,
				27B7E235263E5D8A00E3CE71 /* WElapsedView.swift in Sources */,
			);
			runOnlyForDeploymentPostprocessing = 0;
		};
/* End PBXSourcesBuildPhase section */

/* Begin PBXTargetDependency section */
		27BD80AC263B05F1009A8DA9 /* PBXTargetDependency */ = {
			isa = PBXTargetDependency;
			target = 27BD809E263B05ED009A8DA9 /* CountdownWidgetExtension */;
			targetProxy = 27BD80AB263B05F1009A8DA9 /* PBXContainerItemProxy */;
		};
/* End PBXTargetDependency section */

/* Begin XCBuildConfiguration section */
		27BD8095263AF905009A8DA9 /* Debug */ = {
			isa = XCBuildConfiguration;
			buildSettings = {
				ALWAYS_SEARCH_USER_PATHS = NO;
				CLANG_ANALYZER_NONNULL = YES;
				CLANG_ANALYZER_NUMBER_OBJECT_CONVERSION = YES_AGGRESSIVE;
				CLANG_CXX_LANGUAGE_STANDARD = "gnu++14";
				CLANG_CXX_LIBRARY = "libc++";
				CLANG_ENABLE_MODULES = YES;
				CLANG_ENABLE_OBJC_ARC = YES;
				CLANG_ENABLE_OBJC_WEAK = YES;
				CLANG_WARN_BLOCK_CAPTURE_AUTORELEASING = YES;
				CLANG_WARN_BOOL_CONVERSION = YES;
				CLANG_WARN_COMMA = YES;
				CLANG_WARN_CONSTANT_CONVERSION = YES;
				CLANG_WARN_DEPRECATED_OBJC_IMPLEMENTATIONS = YES;
				CLANG_WARN_DIRECT_OBJC_ISA_USAGE = YES_ERROR;
				CLANG_WARN_DOCUMENTATION_COMMENTS = YES;
				CLANG_WARN_EMPTY_BODY = YES;
				CLANG_WARN_ENUM_CONVERSION = YES;
				CLANG_WARN_INFINITE_RECURSION = YES;
				CLANG_WARN_INT_CONVERSION = YES;
				CLANG_WARN_NON_LITERAL_NULL_CONVERSION = YES;
				CLANG_WARN_OBJC_IMPLICIT_RETAIN_SELF = YES;
				CLANG_WARN_OBJC_LITERAL_CONVERSION = YES;
				CLANG_WARN_OBJC_ROOT_CLASS = YES_ERROR;
				CLANG_WARN_QUOTED_INCLUDE_IN_FRAMEWORK_HEADER = YES;
				CLANG_WARN_RANGE_LOOP_ANALYSIS = YES;
				CLANG_WARN_STRICT_PROTOTYPES = YES;
				CLANG_WARN_SUSPICIOUS_MOVE = YES;
				CLANG_WARN_UNGUARDED_AVAILABILITY = YES_AGGRESSIVE;
				CLANG_WARN_UNREACHABLE_CODE = YES;
				CLANG_WARN__DUPLICATE_METHOD_MATCH = YES;
				COPY_PHASE_STRIP = NO;
				DEBUG_INFORMATION_FORMAT = dwarf;
				ENABLE_STRICT_OBJC_MSGSEND = YES;
				ENABLE_TESTABILITY = YES;
				GCC_C_LANGUAGE_STANDARD = gnu11;
				GCC_DYNAMIC_NO_PIC = NO;
				GCC_NO_COMMON_BLOCKS = YES;
				GCC_OPTIMIZATION_LEVEL = 0;
				GCC_PREPROCESSOR_DEFINITIONS = (
					"DEBUG=1",
					"$(inherited)",
				);
				GCC_WARN_64_TO_32_BIT_CONVERSION = YES;
				GCC_WARN_ABOUT_RETURN_TYPE = YES_ERROR;
				GCC_WARN_UNDECLARED_SELECTOR = YES;
				GCC_WARN_UNINITIALIZED_AUTOS = YES_AGGRESSIVE;
				GCC_WARN_UNUSED_FUNCTION = YES;
				GCC_WARN_UNUSED_VARIABLE = YES;
				IPHONEOS_DEPLOYMENT_TARGET = 14.4;
				MTL_ENABLE_DEBUG_INFO = INCLUDE_SOURCE;
				MTL_FAST_MATH = YES;
				ONLY_ACTIVE_ARCH = YES;
				SDKROOT = iphoneos;
				SWIFT_ACTIVE_COMPILATION_CONDITIONS = DEBUG;
				SWIFT_OPTIMIZATION_LEVEL = "-Onone";
			};
			name = Debug;
		};
		27BD8096263AF905009A8DA9 /* Release */ = {
			isa = XCBuildConfiguration;
			buildSettings = {
				ALWAYS_SEARCH_USER_PATHS = NO;
				CLANG_ANALYZER_NONNULL = YES;
				CLANG_ANALYZER_NUMBER_OBJECT_CONVERSION = YES_AGGRESSIVE;
				CLANG_CXX_LANGUAGE_STANDARD = "gnu++14";
				CLANG_CXX_LIBRARY = "libc++";
				CLANG_ENABLE_MODULES = YES;
				CLANG_ENABLE_OBJC_ARC = YES;
				CLANG_ENABLE_OBJC_WEAK = YES;
				CLANG_WARN_BLOCK_CAPTURE_AUTORELEASING = YES;
				CLANG_WARN_BOOL_CONVERSION = YES;
				CLANG_WARN_COMMA = YES;
				CLANG_WARN_CONSTANT_CONVERSION = YES;
				CLANG_WARN_DEPRECATED_OBJC_IMPLEMENTATIONS = YES;
				CLANG_WARN_DIRECT_OBJC_ISA_USAGE = YES_ERROR;
				CLANG_WARN_DOCUMENTATION_COMMENTS = YES;
				CLANG_WARN_EMPTY_BODY = YES;
				CLANG_WARN_ENUM_CONVERSION = YES;
				CLANG_WARN_INFINITE_RECURSION = YES;
				CLANG_WARN_INT_CONVERSION = YES;
				CLANG_WARN_NON_LITERAL_NULL_CONVERSION = YES;
				CLANG_WARN_OBJC_IMPLICIT_RETAIN_SELF = YES;
				CLANG_WARN_OBJC_LITERAL_CONVERSION = YES;
				CLANG_WARN_OBJC_ROOT_CLASS = YES_ERROR;
				CLANG_WARN_QUOTED_INCLUDE_IN_FRAMEWORK_HEADER = YES;
				CLANG_WARN_RANGE_LOOP_ANALYSIS = YES;
				CLANG_WARN_STRICT_PROTOTYPES = YES;
				CLANG_WARN_SUSPICIOUS_MOVE = YES;
				CLANG_WARN_UNGUARDED_AVAILABILITY = YES_AGGRESSIVE;
				CLANG_WARN_UNREACHABLE_CODE = YES;
				CLANG_WARN__DUPLICATE_METHOD_MATCH = YES;
				COPY_PHASE_STRIP = NO;
				DEBUG_INFORMATION_FORMAT = "dwarf-with-dsym";
				ENABLE_NS_ASSERTIONS = NO;
				ENABLE_STRICT_OBJC_MSGSEND = YES;
				GCC_C_LANGUAGE_STANDARD = gnu11;
				GCC_NO_COMMON_BLOCKS = YES;
				GCC_WARN_64_TO_32_BIT_CONVERSION = YES;
				GCC_WARN_ABOUT_RETURN_TYPE = YES_ERROR;
				GCC_WARN_UNDECLARED_SELECTOR = YES;
				GCC_WARN_UNINITIALIZED_AUTOS = YES_AGGRESSIVE;
				GCC_WARN_UNUSED_FUNCTION = YES;
				GCC_WARN_UNUSED_VARIABLE = YES;
				IPHONEOS_DEPLOYMENT_TARGET = 14.4;
				MTL_ENABLE_DEBUG_INFO = NO;
				MTL_FAST_MATH = YES;
				SDKROOT = iphoneos;
				SWIFT_COMPILATION_MODE = wholemodule;
				SWIFT_OPTIMIZATION_LEVEL = "-O";
				VALIDATE_PRODUCT = YES;
			};
			name = Release;
		};
		27BD8098263AF905009A8DA9 /* Debug */ = {
			isa = XCBuildConfiguration;
			buildSettings = {
				ALWAYS_EMBED_SWIFT_STANDARD_LIBRARIES = YES;
				ASSETCATALOG_COMPILER_APPICON_NAME = AppIcon;
				ASSETCATALOG_COMPILER_GLOBAL_ACCENT_COLOR_NAME = AccentColor;
				CODE_SIGN_ENTITLEMENTS = Countdown/Countdown.entitlements;
				CODE_SIGN_STYLE = Automatic;
				CURRENT_PROJECT_VERSION = 4;
				DEVELOPMENT_ASSET_PATHS = "\"Countdown/Preview Content\"";
				DEVELOPMENT_TEAM = L43KX6QVVV;
				ENABLE_PREVIEWS = YES;
				INFOPLIST_FILE = Countdown/Info.plist;
				IPHONEOS_DEPLOYMENT_TARGET = 14.0;
				LD_RUNPATH_SEARCH_PATHS = (
					"$(inherited)",
					"@executable_path/Frameworks",
				);
				PRODUCT_BUNDLE_IDENTIFIER = com.cnwang.Countdown;
				PRODUCT_NAME = "$(TARGET_NAME)";
				SWIFT_VERSION = 5.0;
				TARGETED_DEVICE_FAMILY = "1,2";
			};
			name = Debug;
		};
		27BD8099263AF905009A8DA9 /* Release */ = {
			isa = XCBuildConfiguration;
			buildSettings = {
				ALWAYS_EMBED_SWIFT_STANDARD_LIBRARIES = YES;
				ASSETCATALOG_COMPILER_APPICON_NAME = AppIcon;
				ASSETCATALOG_COMPILER_GLOBAL_ACCENT_COLOR_NAME = AccentColor;
				CODE_SIGN_ENTITLEMENTS = Countdown/Countdown.entitlements;
				CODE_SIGN_STYLE = Automatic;
				CURRENT_PROJECT_VERSION = 4;
				DEVELOPMENT_ASSET_PATHS = "\"Countdown/Preview Content\"";
				DEVELOPMENT_TEAM = L43KX6QVVV;
				ENABLE_PREVIEWS = YES;
				INFOPLIST_FILE = Countdown/Info.plist;
				IPHONEOS_DEPLOYMENT_TARGET = 14.0;
				LD_RUNPATH_SEARCH_PATHS = (
					"$(inherited)",
					"@executable_path/Frameworks",
				);
				PRODUCT_BUNDLE_IDENTIFIER = com.cnwang.Countdown;
				PRODUCT_NAME = "$(TARGET_NAME)";
				SWIFT_VERSION = 5.0;
				TARGETED_DEVICE_FAMILY = "1,2";
			};
			name = Release;
		};
		27BD80AF263B05F1009A8DA9 /* Debug */ = {
			isa = XCBuildConfiguration;
			buildSettings = {
				ASSETCATALOG_COMPILER_GLOBAL_ACCENT_COLOR_NAME = AccentColor;
				ASSETCATALOG_COMPILER_WIDGET_BACKGROUND_COLOR_NAME = WidgetBackground;
				CODE_SIGN_ENTITLEMENTS = CountdownWidgetExtension.entitlements;
				CODE_SIGN_STYLE = Automatic;
				CURRENT_PROJECT_VERSION = 4;
				DEVELOPMENT_TEAM = L43KX6QVVV;
				INFOPLIST_FILE = CountdownWidget/Info.plist;
				LD_RUNPATH_SEARCH_PATHS = (
					"$(inherited)",
					"@executable_path/Frameworks",
					"@executable_path/../../Frameworks",
				);
				PRODUCT_BUNDLE_IDENTIFIER = com.cnwang.Countdown.CountdownWidget;
				PRODUCT_NAME = "$(TARGET_NAME)";
				SKIP_INSTALL = YES;
				SWIFT_VERSION = 5.0;
				TARGETED_DEVICE_FAMILY = "1,2";
			};
			name = Debug;
		};
		27BD80B0263B05F1009A8DA9 /* Release */ = {
			isa = XCBuildConfiguration;
			buildSettings = {
				ASSETCATALOG_COMPILER_GLOBAL_ACCENT_COLOR_NAME = AccentColor;
				ASSETCATALOG_COMPILER_WIDGET_BACKGROUND_COLOR_NAME = WidgetBackground;
				CODE_SIGN_ENTITLEMENTS = CountdownWidgetExtension.entitlements;
				CODE_SIGN_STYLE = Automatic;
				CURRENT_PROJECT_VERSION = 4;
				DEVELOPMENT_TEAM = L43KX6QVVV;
				INFOPLIST_FILE = CountdownWidget/Info.plist;
				LD_RUNPATH_SEARCH_PATHS = (
					"$(inherited)",
					"@executable_path/Frameworks",
					"@executable_path/../../Frameworks",
				);
				PRODUCT_BUNDLE_IDENTIFIER = com.cnwang.Countdown.CountdownWidget;
				PRODUCT_NAME = "$(TARGET_NAME)";
				SKIP_INSTALL = YES;
				SWIFT_VERSION = 5.0;
				TARGETED_DEVICE_FAMILY = "1,2";
			};
			name = Release;
		};
/* End XCBuildConfiguration section */

/* Begin XCConfigurationList section */
		27BD8083263AF903009A8DA9 /* Build configuration list for PBXProject "Countdown" */ = {
			isa = XCConfigurationList;
			buildConfigurations = (
				27BD8095263AF905009A8DA9 /* Debug */,
				27BD8096263AF905009A8DA9 /* Release */,
			);
			defaultConfigurationIsVisible = 0;
			defaultConfigurationName = Release;
		};
		27BD8097263AF905009A8DA9 /* Build configuration list for PBXNativeTarget "Countdown" */ = {
			isa = XCConfigurationList;
			buildConfigurations = (
				27BD8098263AF905009A8DA9 /* Debug */,
				27BD8099263AF905009A8DA9 /* Release */,
			);
			defaultConfigurationIsVisible = 0;
			defaultConfigurationName = Release;
		};
		27BD80AE263B05F1009A8DA9 /* Build configuration list for PBXNativeTarget "CountdownWidgetExtension" */ = {
			isa = XCConfigurationList;
			buildConfigurations = (
				27BD80AF263B05F1009A8DA9 /* Debug */,
				27BD80B0263B05F1009A8DA9 /* Release */,
			);
			defaultConfigurationIsVisible = 0;
			defaultConfigurationName = Release;
		};
/* End XCConfigurationList section */
	};
	rootObject = 27BD8080263AF903009A8DA9 /* Project object */;
}
